
Microsoft Visual Studio Solution File, Format Version 12.00
# Visual Studio Version 16
VisualStudioVersion = 16.0.30011.22
MinimumVisualStudioVersion = 10.0.40219.1
Project("{9A19103F-16F7-4668-BE54-9A1E7A4F7556}") = "MongoConfiguration", "MongoConfiguration\MongoConfiguration.csproj", "{5C51890E-7ADA-42B1-9FB0-4787E8562525}"
EndProject
Project("{FAE04EC0-301F-11D3-BF4B-00C04F79EFBC}") = "MongoConfigurationTester", "MongoConfigurationTester\MongoConfigurationTester.csproj", "{B213A0E4-C180-4D13-B72E-60AE1EA37B56}"
EndProject
Global
	GlobalSection(SolutionConfigurationPlatforms) = preSolution
		Debug|Any CPU = Debug|Any CPU
		Release|Any CPU = Release|Any CPU
	EndGlobalSection
	GlobalSection(ProjectConfigurationPlatforms) = postSolution
		{5C51890E-7ADA-42B1-9FB0-4787E8562525}.Debug|Any CPU.ActiveCfg = Debug|Any CPU
		{5C51890E-7ADA-42B1-9FB0-4787E8562525}.Debug|Any CPU.Build.0 = Debug|Any CPU
		{5C51890E-7ADA-42B1-9FB0-4787E8562525}.Release|Any CPU.ActiveCfg = Release|Any CPU
		{5C51890E-7ADA-42B1-9FB0-4787E8562525}.Release|Any CPU.Build.0 = Release|Any CPU
		{B213A0E4-C180-4D13-B72E-60AE1EA37B56}.Debug|Any CPU.ActiveCfg = Debug|Any CPU
		{B213A0E4-C180-4D13-B72E-60AE1EA37B56}.Debug|Any CPU.Build.0 = Debug|Any CPU
		{B213A0E4-C180-4D13-B72E-60AE1EA37B56}.Release|Any CPU.ActiveCfg = Release|Any CPU
		{B213A0E4-C180-4D13-B72E-60AE1EA37B56}.Release|Any CPU.Build.0 = Release|Any CPU
	EndGlobalSection
	GlobalSection(SolutionProperties) = preSolution
		HideSolutionNode = FALSE
	EndGlobalSection
	GlobalSection(ExtensibilityGlobals) = postSolution
		SolutionGuid = {11FF846A-4F7B-498B-9544-900E950315C8}
	EndGlobalSection
EndGlobal
